
Microsoft Visual Studio Solution File, Format Version 12.00
# Visual Studio Version 17
VisualStudioVersion = 17.9.34607.119
MinimumVisualStudioVersion = 10.0.40219.1
Project("{FAE04EC0-301F-11D3-BF4B-00C04F79EFBC}") = "Hotel_30_03_24", "Hotel_30_03_24\Hotel_30_03_24.csproj", "{E1083719-87F0-48E1-A538-73689AF3CB46}"
EndProject
Global
	GlobalSection(SolutionConfigurationPlatforms) = preSolution
		Debug|Any CPU = Debug|Any CPU
		Release|Any CPU = Release|Any CPU
	EndGlobalSection
	GlobalSection(ProjectConfigurationPlatforms) = postSolution
		{E1083719-87F0-48E1-A538-73689AF3CB46}.Debug|Any CPU.ActiveCfg = Debug|Any CPU
		{E1083719-87F0-48E1-A538-73689AF3CB46}.Debug|Any CPU.Build.0 = Debug|Any CPU
		{E1083719-87F0-48E1-A538-73689AF3CB46}.Release|Any CPU.ActiveCfg = Release|Any CPU
		{E1083719-87F0-48E1-A538-73689AF3CB46}.Release|Any CPU.Build.0 = Release|Any CPU
	EndGlobalSection
	GlobalSection(SolutionProperties) = preSolution
		HideSolutionNode = FALSE
	EndGlobalSection
	GlobalSection(ExtensibilityGlobals) = postSolution
		SolutionGuid = {5100B7AB-C359-4511-8174-F4A548558CD8}
	EndGlobalSection
EndGlobal
